
Microsoft Visual Studio Solution File, Format Version 12.00
# Visual Studio Version 16
VisualStudioVersion = 16.0.29318.209
MinimumVisualStudioVersion = 10.0.40219.1
Project("{FAE04EC0-301F-11D3-BF4B-00C04F79EFBC}") = "PDVApi", "PDVApi\PDVApi.csproj", "{866C6170-31CF-47A2-A0AC-1CFE53AB5FA1}"
EndProject
Global
	GlobalSection(SolutionConfigurationPlatforms) = preSolution
		Debug|Any CPU = Debug|Any CPU
		Release|Any CPU = Release|Any CPU
	EndGlobalSection
	GlobalSection(ProjectConfigurationPlatforms) = postSolution
		{866C6170-31CF-47A2-A0AC-1CFE53AB5FA1}.Debug|Any CPU.ActiveCfg = Debug|Any CPU
		{866C6170-31CF-47A2-A0AC-1CFE53AB5FA1}.Debug|Any CPU.Build.0 = Debug|Any CPU
		{866C6170-31CF-47A2-A0AC-1CFE53AB5FA1}.Release|Any CPU.ActiveCfg = Release|Any CPU
		{866C6170-31CF-47A2-A0AC-1CFE53AB5FA1}.Release|Any CPU.Build.0 = Release|Any CPU
	EndGlobalSection
	GlobalSection(SolutionProperties) = preSolution
		HideSolutionNode = FALSE
	EndGlobalSection
	GlobalSection(ExtensibilityGlobals) = postSolution
		SolutionGuid = {2E21DEF9-FC0F-4E19-92D8-8C4B60EB422F}
	EndGlobalSection
EndGlobal
