
Microsoft Visual Studio Solution File, Format Version 12.00
# Visual Studio Version 16
VisualStudioVersion = 16.0.29318.209
MinimumVisualStudioVersion = 10.0.40219.1
Project("{FAE04EC0-301F-11D3-BF4B-00C04F79EFBC}") = "PdvWebApi", "PdvWebApi.csproj", "{F03D024F-3CAE-4B43-9E72-E9106006B770}"
EndProject
Global
	GlobalSection(SolutionConfigurationPlatforms) = preSolution
		Debug|Any CPU = Debug|Any CPU
		Release|Any CPU = Release|Any CPU
	EndGlobalSection
	GlobalSection(ProjectConfigurationPlatforms) = postSolution
		{F03D024F-3CAE-4B43-9E72-E9106006B770}.Debug|Any CPU.ActiveCfg = Debug|Any CPU
		{F03D024F-3CAE-4B43-9E72-E9106006B770}.Debug|Any CPU.Build.0 = Debug|Any CPU
		{F03D024F-3CAE-4B43-9E72-E9106006B770}.Release|Any CPU.ActiveCfg = Release|Any CPU
		{F03D024F-3CAE-4B43-9E72-E9106006B770}.Release|Any CPU.Build.0 = Release|Any CPU
	EndGlobalSection
	GlobalSection(SolutionProperties) = preSolution
		HideSolutionNode = FALSE
	EndGlobalSection
	GlobalSection(ExtensibilityGlobals) = postSolution
		SolutionGuid = {F9BE4FE8-8629-4F8E-AF9D-81259DA2CB73}
	EndGlobalSection
EndGlobal
